
Microsoft Visual Studio Solution File, Format Version 12.00
# Visual Studio Version 17
VisualStudioVersion = 17.2.32516.85
MinimumVisualStudioVersion = 10.0.40219.1
Project("{FAE04EC0-301F-11D3-BF4B-00C04F79EFBC}") = "Test3", "Test3.csproj", "{4F5E3A67-0FE3-4997-A61B-A79D0131A464}"
EndProject
Global
	GlobalSection(SolutionConfigurationPlatforms) = preSolution
		Debug|Any CPU = Debug|Any CPU
		Release|Any CPU = Release|Any CPU
	EndGlobalSection
	GlobalSection(ProjectConfigurationPlatforms) = postSolution
		{4F5E3A67-0FE3-4997-A61B-A79D0131A464}.Debug|Any CPU.ActiveCfg = Debug|Any CPU
		{4F5E3A67-0FE3-4997-A61B-A79D0131A464}.Debug|Any CPU.Build.0 = Debug|Any CPU
		{4F5E3A67-0FE3-4997-A61B-A79D0131A464}.Release|Any CPU.ActiveCfg = Release|Any CPU
		{4F5E3A67-0FE3-4997-A61B-A79D0131A464}.Release|Any CPU.Build.0 = Release|Any CPU
	EndGlobalSection
	GlobalSection(SolutionProperties) = preSolution
		HideSolutionNode = FALSE
	EndGlobalSection
	GlobalSection(ExtensibilityGlobals) = postSolution
		SolutionGuid = {EFF80EDC-D214-480E-A9AF-1950E3BC1195}
	EndGlobalSection
EndGlobal
